// !$*UTF8*$!
{
	archiveVersion = 1;
	classes = {
	};
	objectVersion = 56;
	objects = {

/* Begin PBXBuildFile section */
		5714D2F02C1EFA1E0097920F /* LaunchScreen.storyboard in Resources */ = {isa = PBXBuildFile; fileRef = 5714D2EF2C1EFA1E0097920F /* LaunchScreen.storyboard */; };
		5714D2F32C1F340B0097920F /* FinalView.swift in Sources */ = {isa = PBXBuildFile; fileRef = 5714D2F22C1F340B0097920F /* FinalView.swift */; };
		5783AF592C2CA3D50083FC73 /* Practica_RealityKit_AGGATests.swift in Sources */ = {isa = PBXBuildFile; fileRef = 5783AF582C2CA3D50083FC73 /* Practica_RealityKit_AGGATests.swift */; };
		5783AF612C2CA4730083FC73 /* ViewInspector in Frameworks */ = {isa = PBXBuildFile; productRef = 5783AF602C2CA4730083FC73 /* ViewInspector */; };
		578503172C1EE1B50086B6B8 /* blastoise.mp3 in Resources */ = {isa = PBXBuildFile; fileRef = 5785030D2C1EE1B50086B6B8 /* blastoise.mp3 */; };
		578503182C1EE1B50086B6B8 /* opening.mp3 in Resources */ = {isa = PBXBuildFile; fileRef = 5785030E2C1EE1B50086B6B8 /* opening.mp3 */; };
		578503192C1EE1B50086B6B8 /* charmeleon.mp3 in Resources */ = {isa = PBXBuildFile; fileRef = 5785030F2C1EE1B50086B6B8 /* charmeleon.mp3 */; };
		5785031A2C1EE1B50086B6B8 /* charizard.mp3 in Resources */ = {isa = PBXBuildFile; fileRef = 578503102C1EE1B50086B6B8 /* charizard.mp3 */; };
		5785031B2C1EE1B50086B6B8 /* squirtle.mp3 in Resources */ = {isa = PBXBuildFile; fileRef = 578503112C1EE1B50086B6B8 /* squirtle.mp3 */; };
		5785031C2C1EE1B50086B6B8 /* ivysaur.mp3 in Resources */ = {isa = PBXBuildFile; fileRef = 578503122C1EE1B50086B6B8 /* ivysaur.mp3 */; };
		5785031D2C1EE1B50086B6B8 /* bulbasaur.mp3 in Resources */ = {isa = PBXBuildFile; fileRef = 578503132C1EE1B50086B6B8 /* bulbasaur.mp3 */; };
		5785031E2C1EE1B50086B6B8 /* charmander.mp3 in Resources */ = {isa = PBXBuildFile; fileRef = 578503142C1EE1B50086B6B8 /* charmander.mp3 */; };
		5785031F2C1EE1B50086B6B8 /* wartortle.mp3 in Resources */ = {isa = PBXBuildFile; fileRef = 578503152C1EE1B50086B6B8 /* wartortle.mp3 */; };
		578503202C1EE1B50086B6B8 /* venusaur.mp3 in Resources */ = {isa = PBXBuildFile; fileRef = 578503162C1EE1B50086B6B8 /* venusaur.mp3 */; };
		578503222C1EEC410086B6B8 /* SoundManager.swift in Sources */ = {isa = PBXBuildFile; fileRef = 578503212C1EEC410086B6B8 /* SoundManager.swift */; };
		6E0ECF902C1B4C4B00220D28 /* Practica-Seguridad-AGGA-Info.plist in Resources */ = {isa = PBXBuildFile; fileRef = 6E0ECF8F2C1B4C4B00220D28 /* Practica-Seguridad-AGGA-Info.plist */; };
		6E3B84382BF0B81400C389BE /* Pokemon.swift in Sources */ = {isa = PBXBuildFile; fileRef = 6E3B84372BF0B81400C389BE /* Pokemon.swift */; };
		6E3B84432BF0C38700C389BE /* Endpoints.swift in Sources */ = {isa = PBXBuildFile; fileRef = 6E3B84422BF0C38700C389BE /* Endpoints.swift */; };
		6E3B84452BF0C3E200C389BE /* ApiProvider.swift in Sources */ = {isa = PBXBuildFile; fileRef = 6E3B84442BF0C3E200C389BE /* ApiProvider.swift */; };
		6E3B84492BF0C46900C389BE /* RemoteProtocols.swift in Sources */ = {isa = PBXBuildFile; fileRef = 6E3B84482BF0C46900C389BE /* RemoteProtocols.swift */; };
		6E3B844B2BF0CAD200C389BE /* HTTPMethods.swift in Sources */ = {isa = PBXBuildFile; fileRef = 6E3B844A2BF0CAD200C389BE /* HTTPMethods.swift */; };
		6E3B84512BF0D86200C389BE /* RepositoryApiProvider.swift in Sources */ = {isa = PBXBuildFile; fileRef = 6E3B84502BF0D86200C389BE /* RepositoryApiProvider.swift */; };
		6E3B84532BF0D8CB00C389BE /* RepositoryProtocol.swift in Sources */ = {isa = PBXBuildFile; fileRef = 6E3B84522BF0D8CB00C389BE /* RepositoryProtocol.swift */; };
		6E3B84552BF0DB3B00C389BE /* PokemonViewModel.swift in Sources */ = {isa = PBXBuildFile; fileRef = 6E3B84542BF0DB3B00C389BE /* PokemonViewModel.swift */; };
		6E3B84592BF2696100C389BE /* PokemonView.swift in Sources */ = {isa = PBXBuildFile; fileRef = 6E3B84582BF2696100C389BE /* PokemonView.swift */; };
		6E6254D12BFCF133006DBA4B /* extension + UIImage.swift in Sources */ = {isa = PBXBuildFile; fileRef = 6E6254D02BFCF133006DBA4B /* extension + UIImage.swift */; };
		6E6254D32BFCF2E2006DBA4B /* PokemonRow.swift in Sources */ = {isa = PBXBuildFile; fileRef = 6E6254D22BFCF2E2006DBA4B /* PokemonRow.swift */; };
		6E6787B92BEE8EF400330C28 /* Practica_RealityKit_AGGAApp.swift in Sources */ = {isa = PBXBuildFile; fileRef = 6E6787B82BEE8EF400330C28 /* Practica_RealityKit_AGGAApp.swift */; };
		6E6787BD2BEE8EF500330C28 /* Assets.xcassets in Resources */ = {isa = PBXBuildFile; fileRef = 6E6787BC2BEE8EF500330C28 /* Assets.xcassets */; };
		6E6787C12BEE8EF500330C28 /* Preview Assets.xcassets in Resources */ = {isa = PBXBuildFile; fileRef = 6E6787C02BEE8EF500330C28 /* Preview Assets.xcassets */; };
		6E8F26832C149141000E49E9 /* PokemonAR.swift in Sources */ = {isa = PBXBuildFile; fileRef = 6E8F26822C149141000E49E9 /* PokemonAR.swift */; };
		6EC335412C15FA810055D4A7 /* Coordinator.swift in Sources */ = {isa = PBXBuildFile; fileRef = 6EC335402C15FA810055D4A7 /* Coordinator.swift */; };
		6EEB8F9F2C1A060B00CBCD86 /* PokemonScenePrueba.rcproject in Sources */ = {isa = PBXBuildFile; fileRef = 6EEB8F9E2C1A060B00CBCD86 /* PokemonScenePrueba.rcproject */; };
/* End PBXBuildFile section */

/* Begin PBXContainerItemProxy section */
		5783AF5A2C2CA3D50083FC73 /* PBXContainerItemProxy */ = {
			isa = PBXContainerItemProxy;
			containerPortal = 6E6787AD2BEE8EF400330C28 /* Project object */;
			proxyType = 1;
			remoteGlobalIDString = 6E6787B42BEE8EF400330C28;
			remoteInfo = Practica_RealityKit_AGGA;
		};
/* End PBXContainerItemProxy section */

/* Begin PBXFileReference section */
		5714D2EF2C1EFA1E0097920F /* LaunchScreen.storyboard */ = {isa = PBXFileReference; lastKnownFileType = file.storyboard; path = LaunchScreen.storyboard; sourceTree = "<group>"; };
		5714D2F22C1F340B0097920F /* FinalView.swift */ = {isa = PBXFileReference; lastKnownFileType = sourcecode.swift; path = FinalView.swift; sourceTree = "<group>"; };
		5783AF562C2CA3D50083FC73 /* Practica_RealityKit_AGGATests.xctest */ = {isa = PBXFileReference; explicitFileType = wrapper.cfbundle; includeInIndex = 0; path = Practica_RealityKit_AGGATests.xctest; sourceTree = BUILT_PRODUCTS_DIR; };
		5783AF582C2CA3D50083FC73 /* Practica_RealityKit_AGGATests.swift */ = {isa = PBXFileReference; lastKnownFileType = sourcecode.swift; path = Practica_RealityKit_AGGATests.swift; sourceTree = "<group>"; };
		5785030D2C1EE1B50086B6B8 /* blastoise.mp3 */ = {isa = PBXFileReference; lastKnownFileType = audio.mp3; path = blastoise.mp3; sourceTree = "<group>"; };
		5785030E2C1EE1B50086B6B8 /* opening.mp3 */ = {isa = PBXFileReference; lastKnownFileType = audio.mp3; path = opening.mp3; sourceTree = "<group>"; };
		5785030F2C1EE1B50086B6B8 /* charmeleon.mp3 */ = {isa = PBXFileReference; lastKnownFileType = audio.mp3; path = charmeleon.mp3; sourceTree = "<group>"; };
		578503102C1EE1B50086B6B8 /* charizard.mp3 */ = {isa = PBXFileReference; lastKnownFileType = audio.mp3; path = charizard.mp3; sourceTree = "<group>"; };
		578503112C1EE1B50086B6B8 /* squirtle.mp3 */ = {isa = PBXFileReference; lastKnownFileType = audio.mp3; path = squirtle.mp3; sourceTree = "<group>"; };
		578503122C1EE1B50086B6B8 /* ivysaur.mp3 */ = {isa = PBXFileReference; lastKnownFileType = audio.mp3; path = ivysaur.mp3; sourceTree = "<group>"; };
		578503132C1EE1B50086B6B8 /* bulbasaur.mp3 */ = {isa = PBXFileReference; lastKnownFileType = audio.mp3; path = bulbasaur.mp3; sourceTree = "<group>"; };
		578503142C1EE1B50086B6B8 /* charmander.mp3 */ = {isa = PBXFileReference; lastKnownFileType = audio.mp3; path = charmander.mp3; sourceTree = "<group>"; };
		578503152C1EE1B50086B6B8 /* wartortle.mp3 */ = {isa = PBXFileReference; lastKnownFileType = audio.mp3; path = wartortle.mp3; sourceTree = "<group>"; };
		578503162C1EE1B50086B6B8 /* venusaur.mp3 */ = {isa = PBXFileReference; lastKnownFileType = audio.mp3; path = venusaur.mp3; sourceTree = "<group>"; };
		578503212C1EEC410086B6B8 /* SoundManager.swift */ = {isa = PBXFileReference; lastKnownFileType = sourcecode.swift; path = SoundManager.swift; sourceTree = "<group>"; };
		6E0ECF8F2C1B4C4B00220D28 /* Practica-Seguridad-AGGA-Info.plist */ = {isa = PBXFileReference; fileEncoding = 4; lastKnownFileType = text.plist.xml; path = "Practica-Seguridad-AGGA-Info.plist"; sourceTree = "<group>"; };
		6E3B84372BF0B81400C389BE /* Pokemon.swift */ = {isa = PBXFileReference; lastKnownFileType = sourcecode.swift; path = Pokemon.swift; sourceTree = "<group>"; };
		6E3B84422BF0C38700C389BE /* Endpoints.swift */ = {isa = PBXFileReference; lastKnownFileType = sourcecode.swift; path = Endpoints.swift; sourceTree = "<group>"; };
		6E3B84442BF0C3E200C389BE /* ApiProvider.swift */ = {isa = PBXFileReference; lastKnownFileType = sourcecode.swift; path = ApiProvider.swift; sourceTree = "<group>"; };
		6E3B84482BF0C46900C389BE /* RemoteProtocols.swift */ = {isa = PBXFileReference; lastKnownFileType = sourcecode.swift; path = RemoteProtocols.swift; sourceTree = "<group>"; };
		6E3B844A2BF0CAD200C389BE /* HTTPMethods.swift */ = {isa = PBXFileReference; lastKnownFileType = sourcecode.swift; path = HTTPMethods.swift; sourceTree = "<group>"; };
		6E3B84502BF0D86200C389BE /* RepositoryApiProvider.swift */ = {isa = PBXFileReference; lastKnownFileType = sourcecode.swift; path = RepositoryApiProvider.swift; sourceTree = "<group>"; };
		6E3B84522BF0D8CB00C389BE /* RepositoryProtocol.swift */ = {isa = PBXFileReference; lastKnownFileType = sourcecode.swift; path = RepositoryProtocol.swift; sourceTree = "<group>"; };
		6E3B84542BF0DB3B00C389BE /* PokemonViewModel.swift */ = {isa = PBXFileReference; lastKnownFileType = sourcecode.swift; path = PokemonViewModel.swift; sourceTree = "<group>"; };
		6E3B84582BF2696100C389BE /* PokemonView.swift */ = {isa = PBXFileReference; lastKnownFileType = sourcecode.swift; path = PokemonView.swift; sourceTree = "<group>"; };
		6E6254D02BFCF133006DBA4B /* extension + UIImage.swift */ = {isa = PBXFileReference; lastKnownFileType = sourcecode.swift; path = "extension + UIImage.swift"; sourceTree = "<group>"; };
		6E6254D22BFCF2E2006DBA4B /* PokemonRow.swift */ = {isa = PBXFileReference; lastKnownFileType = sourcecode.swift; path = PokemonRow.swift; sourceTree = "<group>"; };
		6E6787B52BEE8EF400330C28 /* Practica_RealityKit_AGGA.app */ = {isa = PBXFileReference; explicitFileType = wrapper.application; includeInIndex = 0; path = Practica_RealityKit_AGGA.app; sourceTree = BUILT_PRODUCTS_DIR; };
		6E6787B82BEE8EF400330C28 /* Practica_RealityKit_AGGAApp.swift */ = {isa = PBXFileReference; lastKnownFileType = sourcecode.swift; path = Practica_RealityKit_AGGAApp.swift; sourceTree = "<group>"; };
		6E6787BC2BEE8EF500330C28 /* Assets.xcassets */ = {isa = PBXFileReference; lastKnownFileType = folder.assetcatalog; path = Assets.xcassets; sourceTree = "<group>"; };
		6E6787BE2BEE8EF500330C28 /* Practica_Seguridad_AGGA.entitlements */ = {isa = PBXFileReference; lastKnownFileType = text.plist.entitlements; path = Practica_Seguridad_AGGA.entitlements; sourceTree = "<group>"; };
		6E6787C02BEE8EF500330C28 /* Preview Assets.xcassets */ = {isa = PBXFileReference; lastKnownFileType = folder.assetcatalog; path = "Preview Assets.xcassets"; sourceTree = "<group>"; };
		6E8F26822C149141000E49E9 /* PokemonAR.swift */ = {isa = PBXFileReference; lastKnownFileType = sourcecode.swift; path = PokemonAR.swift; sourceTree = "<group>"; };
		6EC335402C15FA810055D4A7 /* Coordinator.swift */ = {isa = PBXFileReference; lastKnownFileType = sourcecode.swift; path = Coordinator.swift; sourceTree = "<group>"; };
		6EEB8F9E2C1A060B00CBCD86 /* PokemonScenePrueba.rcproject */ = {isa = PBXFileReference; lastKnownFileType = file.rcproject; path = PokemonScenePrueba.rcproject; sourceTree = "<group>"; };
/* End PBXFileReference section */

/* Begin PBXFrameworksBuildPhase section */
		5783AF532C2CA3D50083FC73 /* Frameworks */ = {
			isa = PBXFrameworksBuildPhase;
			buildActionMask = 2147483647;
			files = (
				5783AF612C2CA4730083FC73 /* ViewInspector in Frameworks */,
			);
			runOnlyForDeploymentPostprocessing = 0;
		};
		6E6787B22BEE8EF400330C28 /* Frameworks */ = {
			isa = PBXFrameworksBuildPhase;
			buildActionMask = 2147483647;
			files = (
			);
			runOnlyForDeploymentPostprocessing = 0;
		};
/* End PBXFrameworksBuildPhase section */

/* Begin PBXGroup section */
		5714D2F42C1F35680097920F /* FinalView */ = {
			isa = PBXGroup;
			children = (
				5714D2F22C1F340B0097920F /* FinalView.swift */,
			);
			path = FinalView;
			sourceTree = "<group>";
		};
		5783AF572C2CA3D50083FC73 /* Practica_RealityKit_AGGATests */ = {
			isa = PBXGroup;
			children = (
				5783AF582C2CA3D50083FC73 /* Practica_RealityKit_AGGATests.swift */,
			);
			path = Practica_RealityKit_AGGATests;
			sourceTree = "<group>";
		};
		5785030C2C1EE19B0086B6B8 /* Sounds */ = {
			isa = PBXGroup;
			children = (
				5785030D2C1EE1B50086B6B8 /* blastoise.mp3 */,
				578503132C1EE1B50086B6B8 /* bulbasaur.mp3 */,
				578503102C1EE1B50086B6B8 /* charizard.mp3 */,
				578503142C1EE1B50086B6B8 /* charmander.mp3 */,
				5785030F2C1EE1B50086B6B8 /* charmeleon.mp3 */,
				578503122C1EE1B50086B6B8 /* ivysaur.mp3 */,
				5785030E2C1EE1B50086B6B8 /* opening.mp3 */,
				578503112C1EE1B50086B6B8 /* squirtle.mp3 */,
				578503162C1EE1B50086B6B8 /* venusaur.mp3 */,
				578503152C1EE1B50086B6B8 /* wartortle.mp3 */,
			);
			path = Sounds;
			sourceTree = "<group>";
		};
		6E3B842C2BF0B3BB00C389BE /* Data */ = {
			isa = PBXGroup;
			children = (
				6E3B843C2BF0BE3C00C389BE /* Utils */,
				6E3B84332BF0B4BE00C389BE /* Repository */,
				6E3B84342BF0B4C600C389BE /* Remote */,
			);
			path = Data;
			sourceTree = "<group>";
		};
		6E3B842D2BF0B3D600C389BE /* App */ = {
			isa = PBXGroup;
			children = (
				5785030C2C1EE19B0086B6B8 /* Sounds */,
				6E6787B82BEE8EF400330C28 /* Practica_RealityKit_AGGAApp.swift */,
				6E6787BC2BEE8EF500330C28 /* Assets.xcassets */,
				6EEB8F9E2C1A060B00CBCD86 /* PokemonScenePrueba.rcproject */,
				5714D2EF2C1EFA1E0097920F /* LaunchScreen.storyboard */,
			);
			path = App;
			sourceTree = "<group>";
		};
		6E3B842E2BF0B40A00C389BE /* Domain */ = {
			isa = PBXGroup;
			children = (
				6E3B84322BF0B4A800C389BE /* Protocols */,
				6E3B84312BF0B4A100C389BE /* Models */,
			);
			path = Domain;
			sourceTree = "<group>";
		};
		6E3B842F2BF0B41000C389BE /* Presentation */ = {
			isa = PBXGroup;
			children = (
				6E3B84362BF0B4E000C389BE /* View */,
				6E3B84352BF0B4DA00C389BE /* ViewModel */,
				6E6787BF2BEE8EF500330C28 /* Preview Content */,
			);
			path = Presentation;
			sourceTree = "<group>";
		};
		6E3B84312BF0B4A100C389BE /* Models */ = {
			isa = PBXGroup;
			children = (
				6E3B84372BF0B81400C389BE /* Pokemon.swift */,
			);
			path = Models;
			sourceTree = "<group>";
		};
		6E3B84322BF0B4A800C389BE /* Protocols */ = {
			isa = PBXGroup;
			children = (
				6E3B84482BF0C46900C389BE /* RemoteProtocols.swift */,
				6E3B84522BF0D8CB00C389BE /* RepositoryProtocol.swift */,
			);
			path = Protocols;
			sourceTree = "<group>";
		};
		6E3B84332BF0B4BE00C389BE /* Repository */ = {
			isa = PBXGroup;
			children = (
				6E3B84502BF0D86200C389BE /* RepositoryApiProvider.swift */,
			);
			path = Repository;
			sourceTree = "<group>";
		};
		6E3B84342BF0B4C600C389BE /* Remote */ = {
			isa = PBXGroup;
			children = (
				6E3B84422BF0C38700C389BE /* Endpoints.swift */,
				6E3B84442BF0C3E200C389BE /* ApiProvider.swift */,
				6E3B844A2BF0CAD200C389BE /* HTTPMethods.swift */,
			);
			path = Remote;
			sourceTree = "<group>";
		};
		6E3B84352BF0B4DA00C389BE /* ViewModel */ = {
			isa = PBXGroup;
			children = (
				6E3B84542BF0DB3B00C389BE /* PokemonViewModel.swift */,
			);
			path = ViewModel;
			sourceTree = "<group>";
		};
		6E3B84362BF0B4E000C389BE /* View */ = {
			isa = PBXGroup;
			children = (
				5714D2F42C1F35680097920F /* FinalView */,
				6EC335422C15FB4A0055D4A7 /* ARView */,
				6E3B84562BF2694400C389BE /* PokemonView */,
			);
			path = View;
			sourceTree = "<group>";
		};
		6E3B843C2BF0BE3C00C389BE /* Utils */ = {
			isa = PBXGroup;
			children = (
				6E6254D02BFCF133006DBA4B /* extension + UIImage.swift */,
				578503212C1EEC410086B6B8 /* SoundManager.swift */,
			);
			path = Utils;
			sourceTree = "<group>";
		};
		6E3B84562BF2694400C389BE /* PokemonView */ = {
			isa = PBXGroup;
			children = (
				6E3B84582BF2696100C389BE /* PokemonView.swift */,
				6E6254D22BFCF2E2006DBA4B /* PokemonRow.swift */,
			);
			path = PokemonView;
			sourceTree = "<group>";
		};
		6E6787AC2BEE8EF400330C28 = {
			isa = PBXGroup;
			children = (
				6E0ECF8F2C1B4C4B00220D28 /* Practica-Seguridad-AGGA-Info.plist */,
				6E6787B72BEE8EF400330C28 /* Practica_RealityKit_AGGA */,
				5783AF572C2CA3D50083FC73 /* Practica_RealityKit_AGGATests */,
				6E6787B62BEE8EF400330C28 /* Products */,
			);
			sourceTree = "<group>";
		};
		6E6787B62BEE8EF400330C28 /* Products */ = {
			isa = PBXGroup;
			children = (
				6E6787B52BEE8EF400330C28 /* Practica_RealityKit_AGGA.app */,
				5783AF562C2CA3D50083FC73 /* Practica_RealityKit_AGGATests.xctest */,
			);
			name = Products;
			sourceTree = "<group>";
		};
		6E6787B72BEE8EF400330C28 /* Practica_RealityKit_AGGA */ = {
			isa = PBXGroup;
			children = (
				6E6787BE2BEE8EF500330C28 /* Practica_Seguridad_AGGA.entitlements */,
				6E3B842D2BF0B3D600C389BE /* App */,
				6E3B842F2BF0B41000C389BE /* Presentation */,
				6E3B842E2BF0B40A00C389BE /* Domain */,
				6E3B842C2BF0B3BB00C389BE /* Data */,
			);
			path = Practica_RealityKit_AGGA;
			sourceTree = "<group>";
		};
		6E6787BF2BEE8EF500330C28 /* Preview Content */ = {
			isa = PBXGroup;
			children = (
				6E6787C02BEE8EF500330C28 /* Preview Assets.xcassets */,
			);
			path = "Preview Content";
			sourceTree = "<group>";
		};
		6EC335422C15FB4A0055D4A7 /* ARView */ = {
			isa = PBXGroup;
			children = (
				6E8F26822C149141000E49E9 /* PokemonAR.swift */,
				6EC335402C15FA810055D4A7 /* Coordinator.swift */,
			);
			path = ARView;
			sourceTree = "<group>";
		};
/* End PBXGroup section */

/* Begin PBXNativeTarget section */
		5783AF552C2CA3D50083FC73 /* Practica_RealityKit_AGGATests */ = {
			isa = PBXNativeTarget;
			buildConfigurationList = 5783AF5E2C2CA3D50083FC73 /* Build configuration list for PBXNativeTarget "Practica_RealityKit_AGGATests" */;
			buildPhases = (
				5783AF522C2CA3D50083FC73 /* Sources */,
				5783AF532C2CA3D50083FC73 /* Frameworks */,
				5783AF542C2CA3D50083FC73 /* Resources */,
			);
			buildRules = (
			);
			dependencies = (
				5783AF5B2C2CA3D50083FC73 /* PBXTargetDependency */,
			);
			name = Practica_RealityKit_AGGATests;
			packageProductDependencies = (
				5783AF602C2CA4730083FC73 /* ViewInspector */,
			);
			productName = Practica_RealityKit_AGGATests;
			productReference = 5783AF562C2CA3D50083FC73 /* Practica_RealityKit_AGGATests.xctest */;
			productType = "com.apple.product-type.bundle.unit-test";
		};
		6E6787B42BEE8EF400330C28 /* Practica_RealityKit_AGGA */ = {
			isa = PBXNativeTarget;
			buildConfigurationList = 6E6787DA2BEE8EF600330C28 /* Build configuration list for PBXNativeTarget "Practica_RealityKit_AGGA" */;
			buildPhases = (
				6E6787B12BEE8EF400330C28 /* Sources */,
				6E6787B22BEE8EF400330C28 /* Frameworks */,
				6E6787B32BEE8EF400330C28 /* Resources */,
			);
			buildRules = (
			);
			dependencies = (
			);
			name = Practica_RealityKit_AGGA;
			packageProductDependencies = (
			);
			productName = Practica_Seguridad_AGGA;
			productReference = 6E6787B52BEE8EF400330C28 /* Practica_RealityKit_AGGA.app */;
			productType = "com.apple.product-type.application";
		};
/* End PBXNativeTarget section */

/* Begin PBXProject section */
		6E6787AD2BEE8EF400330C28 /* Project object */ = {
			isa = PBXProject;
			attributes = {
				BuildIndependentTargetsInParallel = 1;
				LastSwiftUpdateCheck = 1530;
				LastUpgradeCheck = 1530;
				TargetAttributes = {
					5783AF552C2CA3D50083FC73 = {
						CreatedOnToolsVersion = 15.3;
						TestTargetID = 6E6787B42BEE8EF400330C28;
					};
					6E6787B42BEE8EF400330C28 = {
						CreatedOnToolsVersion = 15.3;
					};
				};
			};
			buildConfigurationList = 6E6787B02BEE8EF400330C28 /* Build configuration list for PBXProject "Practica_RealityKit_AGGA" */;
			compatibilityVersion = "Xcode 14.0";
			developmentRegion = en;
			hasScannedForEncodings = 0;
			knownRegions = (
				en,
				Base,
			);
			mainGroup = 6E6787AC2BEE8EF400330C28;
			packageReferences = (
				5783AF5F2C2CA4730083FC73 /* XCRemoteSwiftPackageReference "ViewInspector" */,
			);
			productRefGroup = 6E6787B62BEE8EF400330C28 /* Products */;
			projectDirPath = "";
			projectRoot = "";
			targets = (
				6E6787B42BEE8EF400330C28 /* Practica_RealityKit_AGGA */,
				5783AF552C2CA3D50083FC73 /* Practica_RealityKit_AGGATests */,
			);
		};
/* End PBXProject section */

/* Begin PBXResourcesBuildPhase section */
		5783AF542C2CA3D50083FC73 /* Resources */ = {
			isa = PBXResourcesBuildPhase;
			buildActionMask = 2147483647;
			files = (
			);
			runOnlyForDeploymentPostprocessing = 0;
		};
		6E6787B32BEE8EF400330C28 /* Resources */ = {
			isa = PBXResourcesBuildPhase;
			buildActionMask = 2147483647;
			files = (
				6E6787C12BEE8EF500330C28 /* Preview Assets.xcassets in Resources */,
				5785031C2C1EE1B50086B6B8 /* ivysaur.mp3 in Resources */,
				5785031D2C1EE1B50086B6B8 /* bulbasaur.mp3 in Resources */,
				578503172C1EE1B50086B6B8 /* blastoise.mp3 in Resources */,
				578503202C1EE1B50086B6B8 /* venusaur.mp3 in Resources */,
				578503192C1EE1B50086B6B8 /* charmeleon.mp3 in Resources */,
				5785031B2C1EE1B50086B6B8 /* squirtle.mp3 in Resources */,
				6E0ECF902C1B4C4B00220D28 /* Practica-Seguridad-AGGA-Info.plist in Resources */,
				5785031A2C1EE1B50086B6B8 /* charizard.mp3 in Resources */,
				6E6787BD2BEE8EF500330C28 /* Assets.xcassets in Resources */,
				5785031E2C1EE1B50086B6B8 /* charmander.mp3 in Resources */,
				5714D2F02C1EFA1E0097920F /* LaunchScreen.storyboard in Resources */,
				578503182C1EE1B50086B6B8 /* opening.mp3 in Resources */,
				5785031F2C1EE1B50086B6B8 /* wartortle.mp3 in Resources */,
			);
			runOnlyForDeploymentPostprocessing = 0;
		};
/* End PBXResourcesBuildPhase section */

/* Begin PBXSourcesBuildPhase section */
		5783AF522C2CA3D50083FC73 /* Sources */ = {
			isa = PBXSourcesBuildPhase;
			buildActionMask = 2147483647;
			files = (
				5783AF592C2CA3D50083FC73 /* Practica_RealityKit_AGGATests.swift in Sources */,
			);
			runOnlyForDeploymentPostprocessing = 0;
		};
		6E6787B12BEE8EF400330C28 /* Sources */ = {
			isa = PBXSourcesBuildPhase;
			buildActionMask = 2147483647;
			files = (
				6E3B84592BF2696100C389BE /* PokemonView.swift in Sources */,
				578503222C1EEC410086B6B8 /* SoundManager.swift in Sources */,
				6E3B844B2BF0CAD200C389BE /* HTTPMethods.swift in Sources */,
				6EC335412C15FA810055D4A7 /* Coordinator.swift in Sources */,
				6E3B84512BF0D86200C389BE /* RepositoryApiProvider.swift in Sources */,
				5714D2F32C1F340B0097920F /* FinalView.swift in Sources */,
				6E8F26832C149141000E49E9 /* PokemonAR.swift in Sources */,
				6E3B84492BF0C46900C389BE /* RemoteProtocols.swift in Sources */,
				6E6254D32BFCF2E2006DBA4B /* PokemonRow.swift in Sources */,
				6E3B84452BF0C3E200C389BE /* ApiProvider.swift in Sources */,
				6E3B84532BF0D8CB00C389BE /* RepositoryProtocol.swift in Sources */,
				6E6254D12BFCF133006DBA4B /* extension + UIImage.swift in Sources */,
				6E6787B92BEE8EF400330C28 /* Practica_RealityKit_AGGAApp.swift in Sources */,
				6EEB8F9F2C1A060B00CBCD86 /* PokemonScenePrueba.rcproject in Sources */,
				6E3B84552BF0DB3B00C389BE /* PokemonViewModel.swift in Sources */,
				6E3B84382BF0B81400C389BE /* Pokemon.swift in Sources */,
				6E3B84432BF0C38700C389BE /* Endpoints.swift in Sources */,
			);
			runOnlyForDeploymentPostprocessing = 0;
		};
/* End PBXSourcesBuildPhase section */

/* Begin PBXTargetDependency section */
		5783AF5B2C2CA3D50083FC73 /* PBXTargetDependency */ = {
			isa = PBXTargetDependency;
			target = 6E6787B42BEE8EF400330C28 /* Practica_RealityKit_AGGA */;
			targetProxy = 5783AF5A2C2CA3D50083FC73 /* PBXContainerItemProxy */;
		};
/* End PBXTargetDependency section */

/* Begin XCBuildConfiguration section */
		5783AF5C2C2CA3D50083FC73 /* Debug */ = {
			isa = XCBuildConfiguration;
			buildSettings = {
				BUNDLE_LOADER = "$(TEST_HOST)";
				CODE_SIGN_STYLE = Automatic;
				CURRENT_PROJECT_VERSION = 1;
				DEVELOPMENT_TEAM = D37CG77DN5;
				GENERATE_INFOPLIST_FILE = YES;
				IPHONEOS_DEPLOYMENT_TARGET = 17.4;
				MARKETING_VERSION = 1.0;
				PRODUCT_BUNDLE_IDENTIFIER = "AGGA.Practica-RealityKit-AGGATests";
				PRODUCT_NAME = "$(TARGET_NAME)";
				SDKROOT = iphoneos;
				SWIFT_EMIT_LOC_STRINGS = NO;
				SWIFT_VERSION = 5.0;
				TARGETED_DEVICE_FAMILY = "1,2";
				TEST_HOST = "$(BUILT_PRODUCTS_DIR)/Practica_RealityKit_AGGA.app/$(BUNDLE_EXECUTABLE_FOLDER_PATH)/Practica_RealityKit_AGGA";
			};
			name = Debug;
		};
		5783AF5D2C2CA3D50083FC73 /* Release */ = {
			isa = XCBuildConfiguration;
			buildSettings = {
				BUNDLE_LOADER = "$(TEST_HOST)";
				CODE_SIGN_STYLE = Automatic;
				CURRENT_PROJECT_VERSION = 1;
				DEVELOPMENT_TEAM = D37CG77DN5;
				GENERATE_INFOPLIST_FILE = YES;
				IPHONEOS_DEPLOYMENT_TARGET = 17.4;
				MARKETING_VERSION = 1.0;
				PRODUCT_BUNDLE_IDENTIFIER = "AGGA.Practica-RealityKit-AGGATests";
				PRODUCT_NAME = "$(TARGET_NAME)";
				SDKROOT = iphoneos;
				SWIFT_EMIT_LOC_STRINGS = NO;
				SWIFT_VERSION = 5.0;
				TARGETED_DEVICE_FAMILY = "1,2";
				TEST_HOST = "$(BUILT_PRODUCTS_DIR)/Practica_RealityKit_AGGA.app/$(BUNDLE_EXECUTABLE_FOLDER_PATH)/Practica_RealityKit_AGGA";
				VALIDATE_PRODUCT = YES;
			};
			name = Release;
		};
		6E6787D82BEE8EF600330C28 /* Debug */ = {
			isa = XCBuildConfiguration;
			buildSettings = {
				ALWAYS_SEARCH_USER_PATHS = NO;
				ASSETCATALOG_COMPILER_GENERATE_SWIFT_ASSET_SYMBOL_EXTENSIONS = YES;
				CLANG_ANALYZER_NONNULL = YES;
				CLANG_ANALYZER_NUMBER_OBJECT_CONVERSION = YES_AGGRESSIVE;
				CLANG_CXX_LANGUAGE_STANDARD = "gnu++20";
				CLANG_ENABLE_MODULES = YES;
				CLANG_ENABLE_OBJC_ARC = YES;
				CLANG_ENABLE_OBJC_WEAK = YES;
				CLANG_WARN_BLOCK_CAPTURE_AUTORELEASING = YES;
				CLANG_WARN_BOOL_CONVERSION = YES;
				CLANG_WARN_COMMA = YES;
				CLANG_WARN_CONSTANT_CONVERSION = YES;
				CLANG_WARN_DEPRECATED_OBJC_IMPLEMENTATIONS = YES;
				CLANG_WARN_DIRECT_OBJC_ISA_USAGE = YES_ERROR;
				CLANG_WARN_DOCUMENTATION_COMMENTS = YES;
				CLANG_WARN_EMPTY_BODY = YES;
				CLANG_WARN_ENUM_CONVERSION = YES;
				CLANG_WARN_INFINITE_RECURSION = YES;
				CLANG_WARN_INT_CONVERSION = YES;
				CLANG_WARN_NON_LITERAL_NULL_CONVERSION = YES;
				CLANG_WARN_OBJC_IMPLICIT_RETAIN_SELF = YES;
				CLANG_WARN_OBJC_LITERAL_CONVERSION = YES;
				CLANG_WARN_OBJC_ROOT_CLASS = YES_ERROR;
				CLANG_WARN_QUOTED_INCLUDE_IN_FRAMEWORK_HEADER = YES;
				CLANG_WARN_RANGE_LOOP_ANALYSIS = YES;
				CLANG_WARN_STRICT_PROTOTYPES = YES;
				CLANG_WARN_SUSPICIOUS_MOVE = YES;
				CLANG_WARN_UNGUARDED_AVAILABILITY = YES_AGGRESSIVE;
				CLANG_WARN_UNREACHABLE_CODE = YES;
				CLANG_WARN__DUPLICATE_METHOD_MATCH = YES;
				CODE_SIGN_ENTITLEMENTS = "";
				CODE_SIGN_STYLE = Automatic;
				COPY_PHASE_STRIP = NO;
				DEBUG_INFORMATION_FORMAT = dwarf;
				ENABLE_STRICT_OBJC_MSGSEND = YES;
				ENABLE_TESTABILITY = YES;
				ENABLE_USER_SCRIPT_SANDBOXING = YES;
				GCC_C_LANGUAGE_STANDARD = gnu17;
				GCC_DYNAMIC_NO_PIC = NO;
				GCC_NO_COMMON_BLOCKS = YES;
				GCC_OPTIMIZATION_LEVEL = 0;
				GCC_PREPROCESSOR_DEFINITIONS = (
					"DEBUG=1",
					"$(inherited)",
				);
				GCC_WARN_64_TO_32_BIT_CONVERSION = YES;
				GCC_WARN_ABOUT_RETURN_TYPE = YES_ERROR;
				GCC_WARN_UNDECLARED_SELECTOR = YES;
				GCC_WARN_UNINITIALIZED_AUTOS = YES_AGGRESSIVE;
				GCC_WARN_UNUSED_FUNCTION = YES;
				GCC_WARN_UNUSED_VARIABLE = YES;
				LOCALIZATION_PREFERS_STRING_CATALOGS = YES;
				MTL_ENABLE_DEBUG_INFO = INCLUDE_SOURCE;
				MTL_FAST_MATH = YES;
				ONLY_ACTIVE_ARCH = YES;
				SWIFT_ACTIVE_COMPILATION_CONDITIONS = "DEBUG $(inherited)";
				SWIFT_OPTIMIZATION_LEVEL = "-Onone";
			};
			name = Debug;
		};
		6E6787D92BEE8EF600330C28 /* Release */ = {
			isa = XCBuildConfiguration;
			buildSettings = {
				ALWAYS_SEARCH_USER_PATHS = NO;
				ASSETCATALOG_COMPILER_GENERATE_SWIFT_ASSET_SYMBOL_EXTENSIONS = YES;
				CLANG_ANALYZER_NONNULL = YES;
				CLANG_ANALYZER_NUMBER_OBJECT_CONVERSION = YES_AGGRESSIVE;
				CLANG_CXX_LANGUAGE_STANDARD = "gnu++20";
				CLANG_ENABLE_MODULES = YES;
				CLANG_ENABLE_OBJC_ARC = YES;
				CLANG_ENABLE_OBJC_WEAK = YES;
				CLANG_WARN_BLOCK_CAPTURE_AUTORELEASING = YES;
				CLANG_WARN_BOOL_CONVERSION = YES;
				CLANG_WARN_COMMA = YES;
				CLANG_WARN_CONSTANT_CONVERSION = YES;
				CLANG_WARN_DEPRECATED_OBJC_IMPLEMENTATIONS = YES;
				CLANG_WARN_DIRECT_OBJC_ISA_USAGE = YES_ERROR;
				CLANG_WARN_DOCUMENTATION_COMMENTS = YES;
				CLANG_WARN_EMPTY_BODY = YES;
				CLANG_WARN_ENUM_CONVERSION = YES;
				CLANG_WARN_INFINITE_RECURSION = YES;
				CLANG_WARN_INT_CONVERSION = YES;
				CLANG_WARN_NON_LITERAL_NULL_CONVERSION = YES;
				CLANG_WARN_OBJC_IMPLICIT_RETAIN_SELF = YES;
				CLANG_WARN_OBJC_LITERAL_CONVERSION = YES;
				CLANG_WARN_OBJC_ROOT_CLASS = YES_ERROR;
				CLANG_WARN_QUOTED_INCLUDE_IN_FRAMEWORK_HEADER = YES;
				CLANG_WARN_RANGE_LOOP_ANALYSIS = YES;
				CLANG_WARN_STRICT_PROTOTYPES = YES;
				CLANG_WARN_SUSPICIOUS_MOVE = YES;
				CLANG_WARN_UNGUARDED_AVAILABILITY = YES_AGGRESSIVE;
				CLANG_WARN_UNREACHABLE_CODE = YES;
				CLANG_WARN__DUPLICATE_METHOD_MATCH = YES;
				CODE_SIGN_ENTITLEMENTS = "";
				CODE_SIGN_STYLE = Automatic;
				COPY_PHASE_STRIP = NO;
				DEBUG_INFORMATION_FORMAT = "dwarf-with-dsym";
				ENABLE_NS_ASSERTIONS = NO;
				ENABLE_STRICT_OBJC_MSGSEND = YES;
				ENABLE_USER_SCRIPT_SANDBOXING = YES;
				GCC_C_LANGUAGE_STANDARD = gnu17;
				GCC_NO_COMMON_BLOCKS = YES;
				GCC_WARN_64_TO_32_BIT_CONVERSION = YES;
				GCC_WARN_ABOUT_RETURN_TYPE = YES_ERROR;
				GCC_WARN_UNDECLARED_SELECTOR = YES;
				GCC_WARN_UNINITIALIZED_AUTOS = YES_AGGRESSIVE;
				GCC_WARN_UNUSED_FUNCTION = YES;
				GCC_WARN_UNUSED_VARIABLE = YES;
				LOCALIZATION_PREFERS_STRING_CATALOGS = YES;
				MTL_ENABLE_DEBUG_INFO = NO;
				MTL_FAST_MATH = YES;
				SWIFT_COMPILATION_MODE = wholemodule;
			};
			name = Release;
		};
		6E6787DB2BEE8EF600330C28 /* Debug */ = {
			isa = XCBuildConfiguration;
			buildSettings = {
				ASSETCATALOG_COMPILER_APPICON_NAME = AppIcon;
				ASSETCATALOG_COMPILER_GLOBAL_ACCENT_COLOR_NAME = AccentColor;
				CODE_SIGN_ENTITLEMENTS = "";
				"CODE_SIGN_IDENTITY[sdk=macosx*]" = "Apple Development";
				CODE_SIGN_STYLE = Automatic;
				CURRENT_PROJECT_VERSION = 1;
				DEVELOPMENT_ASSET_PATHS = "\"Practica_RealityKit_AGGA/Presentation/Preview Content\"";
				DEVELOPMENT_TEAM = D37CG77DN5;
				ENABLE_HARDENED_RUNTIME = YES;
				ENABLE_PREVIEWS = YES;
				GENERATE_INFOPLIST_FILE = YES;
				INFOPLIST_FILE = "Practica-Seguridad-AGGA-Info.plist";
				INFOPLIST_KEY_NSCameraUsageDescription = "We need to acces for VR Content";
				"INFOPLIST_KEY_UIApplicationSceneManifest_Generation[sdk=iphoneos*]" = YES;
				"INFOPLIST_KEY_UIApplicationSceneManifest_Generation[sdk=iphonesimulator*]" = YES;
				"INFOPLIST_KEY_UIApplicationSupportsIndirectInputEvents[sdk=iphoneos*]" = YES;
				"INFOPLIST_KEY_UIApplicationSupportsIndirectInputEvents[sdk=iphonesimulator*]" = YES;
				"INFOPLIST_KEY_UILaunchScreen_Generation[sdk=iphoneos*]" = YES;
				"INFOPLIST_KEY_UILaunchScreen_Generation[sdk=iphonesimulator*]" = YES;
				INFOPLIST_KEY_UILaunchStoryboardName = LaunchScreen.storyboard;
				INFOPLIST_KEY_UIStatusBarHidden = NO;
				INFOPLIST_KEY_UIStatusBarStyle = "";
				"INFOPLIST_KEY_UIStatusBarStyle[sdk=iphoneos*]" = UIStatusBarStyleDefault;
				"INFOPLIST_KEY_UIStatusBarStyle[sdk=iphonesimulator*]" = UIStatusBarStyleDefault;
				INFOPLIST_KEY_UISupportedInterfaceOrientations = "UIInterfaceOrientationLandscapeLeft UIInterfaceOrientationLandscapeRight UIInterfaceOrientationPortrait UIInterfaceOrientationPortraitUpsideDown";
				IPHONEOS_DEPLOYMENT_TARGET = 16.0;
				LD_RUNPATH_SEARCH_PATHS = "@executable_path/Frameworks";
				"LD_RUNPATH_SEARCH_PATHS[sdk=macosx*]" = "@executable_path/../Frameworks";
				MACOSX_DEPLOYMENT_TARGET = 13.0;
				MARKETING_VERSION = 1.0;
				PRODUCT_BUNDLE_IDENTIFIER = "com.Practica-RealityKit-AGGA";
				PRODUCT_NAME = "$(TARGET_NAME)";
				SDKROOT = auto;
				SUPPORTED_PLATFORMS = "iphoneos iphonesimulator macosx";
				SWIFT_EMIT_LOC_STRINGS = YES;
				SWIFT_VERSION = 5.0;
				TARGETED_DEVICE_FAMILY = "1,2";
			};
			name = Debug;
		};
		6E6787DC2BEE8EF600330C28 /* Release */ = {
			isa = XCBuildConfiguration;
			buildSettings = {
				ASSETCATALOG_COMPILER_APPICON_NAME = AppIcon;
				ASSETCATALOG_COMPILER_GLOBAL_ACCENT_COLOR_NAME = AccentColor;
				CODE_SIGN_ENTITLEMENTS = "";
				"CODE_SIGN_IDENTITY[sdk=macosx*]" = "Apple Development";
				CODE_SIGN_STYLE = Automatic;
				CURRENT_PROJECT_VERSION = 1;
				DEVELOPMENT_ASSET_PATHS = "\"Practica_RealityKit_AGGA/Presentation/Preview Content\"";
				DEVELOPMENT_TEAM = D37CG77DN5;
				ENABLE_HARDENED_RUNTIME = YES;
				ENABLE_PREVIEWS = YES;
				GENERATE_INFOPLIST_FILE = YES;
				INFOPLIST_FILE = "Practica-Seguridad-AGGA-Info.plist";
				INFOPLIST_KEY_NSCameraUsageDescription = "We need to acces for VR Content";
				"INFOPLIST_KEY_UIApplicationSceneManifest_Generation[sdk=iphoneos*]" = YES;
				"INFOPLIST_KEY_UIApplicationSceneManifest_Generation[sdk=iphonesimulator*]" = YES;
				"INFOPLIST_KEY_UIApplicationSupportsIndirectInputEvents[sdk=iphoneos*]" = YES;
				"INFOPLIST_KEY_UIApplicationSupportsIndirectInputEvents[sdk=iphonesimulator*]" = YES;
				"INFOPLIST_KEY_UILaunchScreen_Generation[sdk=iphoneos*]" = YES;
				"INFOPLIST_KEY_UILaunchScreen_Generation[sdk=iphonesimulator*]" = YES;
				INFOPLIST_KEY_UILaunchStoryboardName = LaunchScreen.storyboard;
				INFOPLIST_KEY_UIStatusBarHidden = NO;
				INFOPLIST_KEY_UIStatusBarStyle = "";
				"INFOPLIST_KEY_UIStatusBarStyle[sdk=iphoneos*]" = UIStatusBarStyleDefault;
				"INFOPLIST_KEY_UIStatusBarStyle[sdk=iphonesimulator*]" = UIStatusBarStyleDefault;
				INFOPLIST_KEY_UISupportedInterfaceOrientations = "UIInterfaceOrientationLandscapeLeft UIInterfaceOrientationLandscapeRight UIInterfaceOrientationPortrait UIInterfaceOrientationPortraitUpsideDown";
				IPHONEOS_DEPLOYMENT_TARGET = 16.0;
				LD_RUNPATH_SEARCH_PATHS = "@executable_path/Frameworks";
				"LD_RUNPATH_SEARCH_PATHS[sdk=macosx*]" = "@executable_path/../Frameworks";
				MACOSX_DEPLOYMENT_TARGET = 13.0;
				MARKETING_VERSION = 1.0;
				PRODUCT_BUNDLE_IDENTIFIER = "com.Practica-RealityKit-AGGA";
				PRODUCT_NAME = "$(TARGET_NAME)";
				SDKROOT = auto;
				SUPPORTED_PLATFORMS = "iphoneos iphonesimulator macosx";
				SWIFT_EMIT_LOC_STRINGS = YES;
				SWIFT_VERSION = 5.0;
				TARGETED_DEVICE_FAMILY = "1,2";
			};
			name = Release;
		};
/* End XCBuildConfiguration section */

/* Begin XCConfigurationList section */
		5783AF5E2C2CA3D50083FC73 /* Build configuration list for PBXNativeTarget "Practica_RealityKit_AGGATests" */ = {
			isa = XCConfigurationList;
			buildConfigurations = (
				5783AF5C2C2CA3D50083FC73 /* Debug */,
				5783AF5D2C2CA3D50083FC73 /* Release */,
			);
			defaultConfigurationIsVisible = 0;
			defaultConfigurationName = Release;
		};
		6E6787B02BEE8EF400330C28 /* Build configuration list for PBXProject "Practica_RealityKit_AGGA" */ = {
			isa = XCConfigurationList;
			buildConfigurations = (
				6E6787D82BEE8EF600330C28 /* Debug */,
				6E6787D92BEE8EF600330C28 /* Release */,
			);
			defaultConfigurationIsVisible = 0;
			defaultConfigurationName = Release;
		};
		6E6787DA2BEE8EF600330C28 /* Build configuration list for PBXNativeTarget "Practica_RealityKit_AGGA" */ = {
			isa = XCConfigurationList;
			buildConfigurations = (
				6E6787DB2BEE8EF600330C28 /* Debug */,
				6E6787DC2BEE8EF600330C28 /* Release */,
			);
			defaultConfigurationIsVisible = 0;
			defaultConfigurationName = Release;
		};
/* End XCConfigurationList section */

/* Begin XCRemoteSwiftPackageReference section */
		5783AF5F2C2CA4730083FC73 /* XCRemoteSwiftPackageReference "ViewInspector" */ = {
			isa = XCRemoteSwiftPackageReference;
			repositoryURL = "https://github.com/nalexn/ViewInspector.git";
			requirement = {
				kind = exactVersion;
				version = 0.9.11;
			};
		};
/* End XCRemoteSwiftPackageReference section */

/* Begin XCSwiftPackageProductDependency section */
		5783AF602C2CA4730083FC73 /* ViewInspector */ = {
			isa = XCSwiftPackageProductDependency;
			package = 5783AF5F2C2CA4730083FC73 /* XCRemoteSwiftPackageReference "ViewInspector" */;
			productName = ViewInspector;
		};
/* End XCSwiftPackageProductDependency section */
	};
	rootObject = 6E6787AD2BEE8EF400330C28 /* Project object */;
}
